
Microsoft Visual Studio Solution File, Format Version 12.00
# Visual Studio 2017
Project("{FAE04EC0-301F-11D3-BF4B-00C04F79EFBC}") = "SocialMediaSim", "SocialMediaSim.csproj", "{C66BCCBD-3A70-80B6-859E-2274ECCDFDFF}"
EndProject
Project("{FAE04EC0-301F-11D3-BF4B-00C04F79EFBC}") = "SocialMediaSim.Editor", "SocialMediaSim.Editor.csproj", "{7F9DEAD8-C53A-B284-0529-C2CECF8F3981}"
EndProject
Project("{FAE04EC0-301F-11D3-BF4B-00C04F79EFBC}") = "SocialMediaSim.Editor.Plugins", "SocialMediaSim.Editor.Plugins.csproj", "{BF4659E4-CF4E-322D-7E58-AC66166A1F95}"
EndProject
Global
	GlobalSection(SolutionConfigurationPlatforms) = preSolution
		Debug|Any CPU = Debug|Any CPU
		Release|Any CPU = Release|Any CPU
	EndGlobalSection
	GlobalSection(ProjectConfigurationPlatforms) = postSolution
		{C66BCCBD-3A70-80B6-859E-2274ECCDFDFF}.Debug|Any CPU.ActiveCfg = Debug|Any CPU
		{C66BCCBD-3A70-80B6-859E-2274ECCDFDFF}.Debug|Any CPU.Build.0 = Debug|Any CPU
		{C66BCCBD-3A70-80B6-859E-2274ECCDFDFF}.Release|Any CPU.ActiveCfg = Release|Any CPU
		{C66BCCBD-3A70-80B6-859E-2274ECCDFDFF}.Release|Any CPU.Build.0 = Release|Any CPU
		{7F9DEAD8-C53A-B284-0529-C2CECF8F3981}.Debug|Any CPU.ActiveCfg = Debug|Any CPU
		{7F9DEAD8-C53A-B284-0529-C2CECF8F3981}.Debug|Any CPU.Build.0 = Debug|Any CPU
		{7F9DEAD8-C53A-B284-0529-C2CECF8F3981}.Release|Any CPU.ActiveCfg = Release|Any CPU
		{7F9DEAD8-C53A-B284-0529-C2CECF8F3981}.Release|Any CPU.Build.0 = Release|Any CPU
		{BF4659E4-CF4E-322D-7E58-AC66166A1F95}.Debug|Any CPU.ActiveCfg = Debug|Any CPU
		{BF4659E4-CF4E-322D-7E58-AC66166A1F95}.Debug|Any CPU.Build.0 = Debug|Any CPU
		{BF4659E4-CF4E-322D-7E58-AC66166A1F95}.Release|Any CPU.ActiveCfg = Release|Any CPU
		{BF4659E4-CF4E-322D-7E58-AC66166A1F95}.Release|Any CPU.Build.0 = Release|Any CPU
	EndGlobalSection
	GlobalSection(SolutionProperties) = preSolution
		HideSolutionNode = FALSE
	EndGlobalSection
EndGlobal
